
Microsoft Visual Studio Solution File, Format Version 12.00
# Visual Studio Version 16
VisualStudioVersion = 16.0.30804.86
MinimumVisualStudioVersion = 10.0.40219.1
Project("{9A19103F-16F7-4668-BE54-9A1E7A4F7556}") = "NLPI.Core", "NLPI.Core\NLPI.Core.csproj", "{6B1F68F2-51F4-4420-A56D-C0FCD95BB344}"
EndProject
Project("{9A19103F-16F7-4668-BE54-9A1E7A4F7556}") = "NLPI.DAL", "NLPI.DAL\NLPI.DAL.csproj", "{5195AF51-A218-4B34-95C3-F3BEAFD869DE}"
EndProject
Project("{9A19103F-16F7-4668-BE54-9A1E7A4F7556}") = "NLPI.Services", "NLPI.Services\NLPI.Services.csproj", "{EE20CCF9-C78A-49FF-AA1B-9DEDA44069A6}"
EndProject
Project("{9A19103F-16F7-4668-BE54-9A1E7A4F7556}") = "NLPI.Web", "NLPI.Web\NLPI.Web.csproj", "{2800C0B2-313B-4F3C-8860-14E52258ABE9}"
EndProject
Global
	GlobalSection(SolutionConfigurationPlatforms) = preSolution
		Debug|Any CPU = Debug|Any CPU
		Release|Any CPU = Release|Any CPU
	EndGlobalSection
	GlobalSection(ProjectConfigurationPlatforms) = postSolution
		{6B1F68F2-51F4-4420-A56D-C0FCD95BB344}.Debug|Any CPU.ActiveCfg = Debug|Any CPU
		{6B1F68F2-51F4-4420-A56D-C0FCD95BB344}.Debug|Any CPU.Build.0 = Debug|Any CPU
		{6B1F68F2-51F4-4420-A56D-C0FCD95BB344}.Release|Any CPU.ActiveCfg = Release|Any CPU
		{6B1F68F2-51F4-4420-A56D-C0FCD95BB344}.Release|Any CPU.Build.0 = Release|Any CPU
		{5195AF51-A218-4B34-95C3-F3BEAFD869DE}.Debug|Any CPU.ActiveCfg = Debug|Any CPU
		{5195AF51-A218-4B34-95C3-F3BEAFD869DE}.Debug|Any CPU.Build.0 = Debug|Any CPU
		{5195AF51-A218-4B34-95C3-F3BEAFD869DE}.Release|Any CPU.ActiveCfg = Release|Any CPU
		{5195AF51-A218-4B34-95C3-F3BEAFD869DE}.Release|Any CPU.Build.0 = Release|Any CPU
		{EE20CCF9-C78A-49FF-AA1B-9DEDA44069A6}.Debug|Any CPU.ActiveCfg = Debug|Any CPU
		{EE20CCF9-C78A-49FF-AA1B-9DEDA44069A6}.Debug|Any CPU.Build.0 = Debug|Any CPU
		{EE20CCF9-C78A-49FF-AA1B-9DEDA44069A6}.Release|Any CPU.ActiveCfg = Release|Any CPU
		{EE20CCF9-C78A-49FF-AA1B-9DEDA44069A6}.Release|Any CPU.Build.0 = Release|Any CPU
		{2800C0B2-313B-4F3C-8860-14E52258ABE9}.Debug|Any CPU.ActiveCfg = Debug|Any CPU
		{2800C0B2-313B-4F3C-8860-14E52258ABE9}.Debug|Any CPU.Build.0 = Debug|Any CPU
		{2800C0B2-313B-4F3C-8860-14E52258ABE9}.Release|Any CPU.ActiveCfg = Release|Any CPU
		{2800C0B2-313B-4F3C-8860-14E52258ABE9}.Release|Any CPU.Build.0 = Release|Any CPU
	EndGlobalSection
	GlobalSection(SolutionProperties) = preSolution
		HideSolutionNode = FALSE
	EndGlobalSection
	GlobalSection(ExtensibilityGlobals) = postSolution
		SolutionGuid = {26DED72B-03B8-4BE3-A285-A141B1D52B28}
	EndGlobalSection
EndGlobal
